
Microsoft Visual Studio Solution File, Format Version 12.00
# Visual Studio Version 16
VisualStudioVersion = 16.0.30907.101
MinimumVisualStudioVersion = 10.0.40219.1
Project("{FAE04EC0-301F-11D3-BF4B-00C04F79EFBC}") = "CartasDelFurroDeCalcio", "CartasDelFurroDeCalcio.csproj", "{257323A9-14EE-4136-95D0-A162F30FFBE5}"
EndProject
Project("{FAE04EC0-301F-11D3-BF4B-00C04F79EFBC}") = "PruebasUnitarias", "..\PruebasUnitarias\PruebasUnitarias.csproj", "{5A99171E-42F8-4A2B-85BC-94872C4FFEBC}"
EndProject
Global
	GlobalSection(SolutionConfigurationPlatforms) = preSolution
		Debug|Any CPU = Debug|Any CPU
		Release|Any CPU = Release|Any CPU
	EndGlobalSection
	GlobalSection(ProjectConfigurationPlatforms) = postSolution
		{257323A9-14EE-4136-95D0-A162F30FFBE5}.Debug|Any CPU.ActiveCfg = Debug|Any CPU
		{257323A9-14EE-4136-95D0-A162F30FFBE5}.Debug|Any CPU.Build.0 = Debug|Any CPU
		{257323A9-14EE-4136-95D0-A162F30FFBE5}.Release|Any CPU.ActiveCfg = Release|Any CPU
		{257323A9-14EE-4136-95D0-A162F30FFBE5}.Release|Any CPU.Build.0 = Release|Any CPU
		{5A99171E-42F8-4A2B-85BC-94872C4FFEBC}.Debug|Any CPU.ActiveCfg = Debug|Any CPU
		{5A99171E-42F8-4A2B-85BC-94872C4FFEBC}.Debug|Any CPU.Build.0 = Debug|Any CPU
		{5A99171E-42F8-4A2B-85BC-94872C4FFEBC}.Release|Any CPU.ActiveCfg = Release|Any CPU
		{5A99171E-42F8-4A2B-85BC-94872C4FFEBC}.Release|Any CPU.Build.0 = Release|Any CPU
	EndGlobalSection
	GlobalSection(SolutionProperties) = preSolution
		HideSolutionNode = FALSE
	EndGlobalSection
	GlobalSection(ExtensibilityGlobals) = postSolution
		SolutionGuid = {E5A5A74D-5EDA-4B50-8B43-60283697079B}
	EndGlobalSection
EndGlobal
